{
  "name": "projet-react-stage--main",
  "lockfileVersion": 3,
  "requires": true,
  "packages": {
    "": {
      "dependencies": {
        "u": "^0.1.0",
        "uid": "^2.0.2"
      }
    },
    "node_modules/@lukeed/csprng": {
      "version": "1.1.0",
      "resolved": "https://registry.npmjs.org/@lukeed/csprng/-/csprng-1.1.0.tgz",
      "integrity": "sha512-Z7C/xXCiGWsg0KuKsHTKJxbWhpI3Vs5GwLfOean7MGyVFGqdRgBbAjOCh6u4bbjPc/8MJ2pZmK/0DLdCbivLDA==",
      "license": "MIT",
      "engines": {
        "node": ">=8"
      }
    },
    "node_modules/u": {
      "version": "0.1.0",
      "resolved": "https://registry.npmjs.org/u/-/u-0.1.0.tgz",
      "integrity": "sha512-johjpjhqy9UE97vjDFq8kW6F1777vIz0i+AZXzisbW6yn6Aa8iX3V7bW4W6GzI7sbw3HjYuvN2yMx2k6QwX5ng==",
      "license": "MIT",
      "engines": {
        "node": "*"
      }
    },
    "node_modules/uid": {
      "version": "2.0.2",
      "resolved": "https://registry.npmjs.org/uid/-/uid-2.0.2.tgz",
      "integrity": "sha512-u3xV3X7uzvi5b1MncmZo3i2Aw222Zk1keqLA1YkHldREkAhAqi65wuPfe7lHx8H/Wzy+8CE7S7uS3jekIM5s8g==",
      "license": "MIT",
      "dependencies": {
        "@lukeed/csprng": "^1.0.0"
      },
      "engines": {
        "node": ">=8"
      }
    }
  }
}
